
Microsoft Visual Studio Solution File, Format Version 12.00
# Visual Studio Version 17
VisualStudioVersion = 17.3.32929.385
MinimumVisualStudioVersion = 10.0.40219.1
Project("{FAE04EC0-301F-11D3-BF4B-00C04F79EFBC}") = "Szamologep_AFP_KisProject", "Szamologep_AFP_KisProject\Szamologep_AFP_KisProject.csproj", "{B0ECC811-249D-4844-AB1F-C89B6B087EBF}"
EndProject
Global
	GlobalSection(SolutionConfigurationPlatforms) = preSolution
		Debug|Any CPU = Debug|Any CPU
		Release|Any CPU = Release|Any CPU
	EndGlobalSection
	GlobalSection(ProjectConfigurationPlatforms) = postSolution
		{B0ECC811-249D-4844-AB1F-C89B6B087EBF}.Debug|Any CPU.ActiveCfg = Debug|Any CPU
		{B0ECC811-249D-4844-AB1F-C89B6B087EBF}.Debug|Any CPU.Build.0 = Debug|Any CPU
		{B0ECC811-249D-4844-AB1F-C89B6B087EBF}.Release|Any CPU.ActiveCfg = Release|Any CPU
		{B0ECC811-249D-4844-AB1F-C89B6B087EBF}.Release|Any CPU.Build.0 = Release|Any CPU
	EndGlobalSection
	GlobalSection(SolutionProperties) = preSolution
		HideSolutionNode = FALSE
	EndGlobalSection
	GlobalSection(ExtensibilityGlobals) = postSolution
		SolutionGuid = {50EC42F6-4AF7-4C2D-90B1-089AB3F08582}
	EndGlobalSection
EndGlobal
